
Microsoft Visual Studio Solution File, Format Version 12.00
# Visual Studio 15
Project("{FAE04EC0-301F-11D3-BF4B-00C04F79EFBC}") = "CryptoNotes.Android", "CryptoNotes.Android\CryptoNotes.Android.csproj", "{EFFE2E8E-F17D-4205-B8EB-967047675DFA}"
EndProject
Project("{FAE04EC0-301F-11D3-BF4B-00C04F79EFBC}") = "CryptoNotes.iOS", "CryptoNotes.iOS\CryptoNotes.iOS.csproj", "{D63D27D7-B517-4956-B499-145AC9374554}"
EndProject
Project("{FAE04EC0-301F-11D3-BF4B-00C04F79EFBC}") = "CryptoNotes.UITests", "CryptoNotes.UITests\CryptoNotes.UITests.csproj", "{81696FCB-3A72-4E00-A77B-69E795848F43}"
EndProject
Project("{FAE04EC0-301F-11D3-BF4B-00C04F79EFBC}") = "CryptoNotes", "CryptoNotes\CryptoNotes.csproj", "{1A833FEA-1FF4-4A4F-BD1C-72A189F083FC}"
EndProject
Global
	GlobalSection(SolutionConfigurationPlatforms) = preSolution
		Debug|Any CPU = Debug|Any CPU
		Release|Any CPU = Release|Any CPU
		Debug|iPhoneSimulator = Debug|iPhoneSimulator
		Release|iPhoneSimulator = Release|iPhoneSimulator
		Debug|iPhone = Debug|iPhone
		Release|iPhone = Release|iPhone
	EndGlobalSection
	GlobalSection(ProjectConfigurationPlatforms) = postSolution
		{EFFE2E8E-F17D-4205-B8EB-967047675DFA}.Debug|Any CPU.ActiveCfg = Debug|Any CPU
		{EFFE2E8E-F17D-4205-B8EB-967047675DFA}.Debug|Any CPU.Build.0 = Debug|Any CPU
		{EFFE2E8E-F17D-4205-B8EB-967047675DFA}.Release|Any CPU.ActiveCfg = Release|Any CPU
		{EFFE2E8E-F17D-4205-B8EB-967047675DFA}.Release|Any CPU.Build.0 = Release|Any CPU
		{EFFE2E8E-F17D-4205-B8EB-967047675DFA}.Debug|iPhoneSimulator.ActiveCfg = Debug|Any CPU
		{EFFE2E8E-F17D-4205-B8EB-967047675DFA}.Debug|iPhoneSimulator.Build.0 = Debug|Any CPU
		{EFFE2E8E-F17D-4205-B8EB-967047675DFA}.Release|iPhoneSimulator.ActiveCfg = Release|Any CPU
		{EFFE2E8E-F17D-4205-B8EB-967047675DFA}.Release|iPhoneSimulator.Build.0 = Release|Any CPU
		{EFFE2E8E-F17D-4205-B8EB-967047675DFA}.Debug|iPhone.ActiveCfg = Debug|Any CPU
		{EFFE2E8E-F17D-4205-B8EB-967047675DFA}.Debug|iPhone.Build.0 = Debug|Any CPU
		{EFFE2E8E-F17D-4205-B8EB-967047675DFA}.Release|iPhone.ActiveCfg = Release|Any CPU
		{EFFE2E8E-F17D-4205-B8EB-967047675DFA}.Release|iPhone.Build.0 = Release|Any CPU
		{D63D27D7-B517-4956-B499-145AC9374554}.Debug|Any CPU.ActiveCfg = Debug|iPhoneSimulator
		{D63D27D7-B517-4956-B499-145AC9374554}.Debug|Any CPU.Build.0 = Debug|iPhoneSimulator
		{D63D27D7-B517-4956-B499-145AC9374554}.Release|Any CPU.ActiveCfg = Release|iPhoneSimulator
		{D63D27D7-B517-4956-B499-145AC9374554}.Release|Any CPU.Build.0 = Release|iPhoneSimulator
		{D63D27D7-B517-4956-B499-145AC9374554}.Debug|iPhoneSimulator.ActiveCfg = Debug|iPhoneSimulator
		{D63D27D7-B517-4956-B499-145AC9374554}.Debug|iPhoneSimulator.Build.0 = Debug|iPhoneSimulator
		{D63D27D7-B517-4956-B499-145AC9374554}.Release|iPhoneSimulator.ActiveCfg = Release|iPhoneSimulator
		{D63D27D7-B517-4956-B499-145AC9374554}.Release|iPhoneSimulator.Build.0 = Release|iPhoneSimulator
		{D63D27D7-B517-4956-B499-145AC9374554}.Debug|iPhone.ActiveCfg = Debug|iPhone
		{D63D27D7-B517-4956-B499-145AC9374554}.Debug|iPhone.Build.0 = Debug|iPhone
		{D63D27D7-B517-4956-B499-145AC9374554}.Release|iPhone.ActiveCfg = Release|iPhone
		{D63D27D7-B517-4956-B499-145AC9374554}.Release|iPhone.Build.0 = Release|iPhone
		{81696FCB-3A72-4E00-A77B-69E795848F43}.Debug|Any CPU.ActiveCfg = Debug|Any CPU
		{81696FCB-3A72-4E00-A77B-69E795848F43}.Debug|Any CPU.Build.0 = Debug|Any CPU
		{81696FCB-3A72-4E00-A77B-69E795848F43}.Release|Any CPU.ActiveCfg = Release|Any CPU
		{81696FCB-3A72-4E00-A77B-69E795848F43}.Release|Any CPU.Build.0 = Release|Any CPU
		{81696FCB-3A72-4E00-A77B-69E795848F43}.Debug|iPhoneSimulator.ActiveCfg = Debug|Any CPU
		{81696FCB-3A72-4E00-A77B-69E795848F43}.Debug|iPhoneSimulator.Build.0 = Debug|Any CPU
		{81696FCB-3A72-4E00-A77B-69E795848F43}.Release|iPhoneSimulator.ActiveCfg = Release|Any CPU
		{81696FCB-3A72-4E00-A77B-69E795848F43}.Release|iPhoneSimulator.Build.0 = Release|Any CPU
		{81696FCB-3A72-4E00-A77B-69E795848F43}.Debug|iPhone.ActiveCfg = Debug|Any CPU
		{81696FCB-3A72-4E00-A77B-69E795848F43}.Debug|iPhone.Build.0 = Debug|Any CPU
		{81696FCB-3A72-4E00-A77B-69E795848F43}.Release|iPhone.ActiveCfg = Release|Any CPU
		{81696FCB-3A72-4E00-A77B-69E795848F43}.Release|iPhone.Build.0 = Release|Any CPU
		{1A833FEA-1FF4-4A4F-BD1C-72A189F083FC}.Debug|Any CPU.ActiveCfg = Debug|Any CPU
		{1A833FEA-1FF4-4A4F-BD1C-72A189F083FC}.Debug|Any CPU.Build.0 = Debug|Any CPU
		{1A833FEA-1FF4-4A4F-BD1C-72A189F083FC}.Release|Any CPU.ActiveCfg = Release|Any CPU
		{1A833FEA-1FF4-4A4F-BD1C-72A189F083FC}.Release|Any CPU.Build.0 = Release|Any CPU
		{1A833FEA-1FF4-4A4F-BD1C-72A189F083FC}.Debug|iPhoneSimulator.ActiveCfg = Debug|Any CPU
		{1A833FEA-1FF4-4A4F-BD1C-72A189F083FC}.Debug|iPhoneSimulator.Build.0 = Debug|Any CPU
		{1A833FEA-1FF4-4A4F-BD1C-72A189F083FC}.Release|iPhoneSimulator.ActiveCfg = Release|Any CPU
		{1A833FEA-1FF4-4A4F-BD1C-72A189F083FC}.Release|iPhoneSimulator.Build.0 = Release|Any CPU
		{1A833FEA-1FF4-4A4F-BD1C-72A189F083FC}.Debug|iPhone.ActiveCfg = Debug|Any CPU
		{1A833FEA-1FF4-4A4F-BD1C-72A189F083FC}.Debug|iPhone.Build.0 = Debug|Any CPU
		{1A833FEA-1FF4-4A4F-BD1C-72A189F083FC}.Release|iPhone.ActiveCfg = Release|Any CPU
		{1A833FEA-1FF4-4A4F-BD1C-72A189F083FC}.Release|iPhone.Build.0 = Release|Any CPU
	EndGlobalSection
EndGlobal
